
Microsoft Visual Studio Solution File, Format Version 12.00
# Visual Studio Version 16
VisualStudioVersion = 16.0.31729.503
MinimumVisualStudioVersion = 10.0.40219.1
Project("{9A19103F-16F7-4668-BE54-9A1E7A4F7556}") = "lesson01", "lesson01\lesson01.csproj", "{150F0547-47C7-4143-804B-886C74CBEAFE}"
EndProject
Project("{9A19103F-16F7-4668-BE54-9A1E7A4F7556}") = "lesson02", "lesson02\lesson02.csproj", "{FADE7AE7-EB0D-41ED-9B34-F3F2D8DB4947}"
EndProject
Project("{FAE04EC0-301F-11D3-BF4B-00C04F79EFBC}") = "lesson03", "lesson03\lesson03.csproj", "{0309886D-EFF2-49D0-8B58-73C618BECF25}"
EndProject
Global
	GlobalSection(SolutionConfigurationPlatforms) = preSolution
		Debug|Any CPU = Debug|Any CPU
		Release|Any CPU = Release|Any CPU
	EndGlobalSection
	GlobalSection(ProjectConfigurationPlatforms) = postSolution
		{150F0547-47C7-4143-804B-886C74CBEAFE}.Debug|Any CPU.ActiveCfg = Debug|Any CPU
		{150F0547-47C7-4143-804B-886C74CBEAFE}.Debug|Any CPU.Build.0 = Debug|Any CPU
		{150F0547-47C7-4143-804B-886C74CBEAFE}.Release|Any CPU.ActiveCfg = Release|Any CPU
		{150F0547-47C7-4143-804B-886C74CBEAFE}.Release|Any CPU.Build.0 = Release|Any CPU
		{FADE7AE7-EB0D-41ED-9B34-F3F2D8DB4947}.Debug|Any CPU.ActiveCfg = Debug|Any CPU
		{FADE7AE7-EB0D-41ED-9B34-F3F2D8DB4947}.Debug|Any CPU.Build.0 = Debug|Any CPU
		{FADE7AE7-EB0D-41ED-9B34-F3F2D8DB4947}.Release|Any CPU.ActiveCfg = Release|Any CPU
		{FADE7AE7-EB0D-41ED-9B34-F3F2D8DB4947}.Release|Any CPU.Build.0 = Release|Any CPU
		{0309886D-EFF2-49D0-8B58-73C618BECF25}.Debug|Any CPU.ActiveCfg = Debug|Any CPU
		{0309886D-EFF2-49D0-8B58-73C618BECF25}.Debug|Any CPU.Build.0 = Debug|Any CPU
		{0309886D-EFF2-49D0-8B58-73C618BECF25}.Release|Any CPU.ActiveCfg = Release|Any CPU
		{0309886D-EFF2-49D0-8B58-73C618BECF25}.Release|Any CPU.Build.0 = Release|Any CPU
	EndGlobalSection
	GlobalSection(SolutionProperties) = preSolution
		HideSolutionNode = FALSE
	EndGlobalSection
	GlobalSection(ExtensibilityGlobals) = postSolution
		SolutionGuid = {324E0FF8-916F-4749-ACC1-C05A9704252D}
	EndGlobalSection
EndGlobal
